
Microsoft Visual Studio Solution File, Format Version 12.00
Project("{FAE04EC0-301F-11D3-BF4B-00C04F79EFBC}") = "CopyMachine", "CopyMachine\CopyMachine.csproj", "{697A97B8-27AC-457B-934C-E81D5CB7541E}"
EndProject
Global
	GlobalSection(SolutionConfigurationPlatforms) = preSolution
		Debug|Any CPU = Debug|Any CPU
		Release|Any CPU = Release|Any CPU
	EndGlobalSection
	GlobalSection(ProjectConfigurationPlatforms) = postSolution
		{697A97B8-27AC-457B-934C-E81D5CB7541E}.Debug|Any CPU.ActiveCfg = Debug|Any CPU
		{697A97B8-27AC-457B-934C-E81D5CB7541E}.Debug|Any CPU.Build.0 = Debug|Any CPU
		{697A97B8-27AC-457B-934C-E81D5CB7541E}.Release|Any CPU.ActiveCfg = Release|Any CPU
		{697A97B8-27AC-457B-934C-E81D5CB7541E}.Release|Any CPU.Build.0 = Release|Any CPU
	EndGlobalSection
EndGlobal
